
Microsoft Visual Studio Solution File, Format Version 12.00
# Visual Studio Version 17
VisualStudioVersion = 17.7.34221.43
MinimumVisualStudioVersion = 10.0.40219.1
Project("{FAE04EC0-301F-11D3-BF4B-00C04F79EFBC}") = "WebApplication1", "WebApplication1\WebApplication1.csproj", "{C4F2634A-9AC8-47D6-9067-DB1F8E46D5B7}"
EndProject
Global
	GlobalSection(SolutionConfigurationPlatforms) = preSolution
		Debug|Any CPU = Debug|Any CPU
		Release|Any CPU = Release|Any CPU
	EndGlobalSection
	GlobalSection(ProjectConfigurationPlatforms) = postSolution
		{C4F2634A-9AC8-47D6-9067-DB1F8E46D5B7}.Debug|Any CPU.ActiveCfg = Debug|Any CPU
		{C4F2634A-9AC8-47D6-9067-DB1F8E46D5B7}.Debug|Any CPU.Build.0 = Debug|Any CPU
		{C4F2634A-9AC8-47D6-9067-DB1F8E46D5B7}.Release|Any CPU.ActiveCfg = Release|Any CPU
		{C4F2634A-9AC8-47D6-9067-DB1F8E46D5B7}.Release|Any CPU.Build.0 = Release|Any CPU
	EndGlobalSection
	GlobalSection(SolutionProperties) = preSolution
		HideSolutionNode = FALSE
	EndGlobalSection
	GlobalSection(ExtensibilityGlobals) = postSolution
		SolutionGuid = {C50A16A8-1A55-4353-B666-EBB749C6C033}
	EndGlobalSection
EndGlobal
